<?xml version="1.0" encoding="utf-8"?>
<Project ToolsVersion="4.0" xmlns="http://schemas.microsoft.com/developer/msbuild/2003">
  <ItemGroup>
    <Filter Include="Source Files">
      <UniqueIdentifier>{4FC737F1-C7A5-4376-A066-2A32D752A2FF}</UniqueIdentifier>
      <Extensions>cpp;c;cc;cxx;def;odl;idl;hpj;bat;asm;asmx</Extensions>
    </Filter>
    <Filter Include="Algorythms">
      <UniqueIdentifier>{89a0e821-3c0a-4b89-99e9-878c83ceae06}</UniqueIdentifier>
    </Filter>
    <Filter Include="Algorythms\Kmeans">
      <UniqueIdentifier>{bb8c782e-b2de-4dce-a9d7-681c8137b7bc}</UniqueIdentifier>
    </Filter>
    <Filter Include="Algorythms\MaxMin">
      <UniqueIdentifier>{54254a77-c119-4f63-9139-139cd13143a1}</UniqueIdentifier>
    </Filter>
  </ItemGroup>
  <ItemGroup>
    <ClCompile Include="Source.cpp">
      <Filter>Source Files</Filter>
    </ClCompile>
    <ClCompile Include="Kmeans.cpp">
      <Filter>Algorythms\Kmeans</Filter>
    </ClCompile>
    <ClCompile Include="MaxMin.cpp">
      <Filter>Algorythms\MaxMin</Filter>
    </ClCompile>
    <ClCompile Include="Algorythm.cpp">
      <Filter>Algorythms</Filter>
    </ClCompile>
  </ItemGroup>
  <ItemGroup>
    <ClInclude Include="Kmeans.hpp">
      <Filter>Algorythms\Kmeans</Filter>
    </ClInclude>
    <ClInclude Include="MaxMin.hpp">
      <Filter>Algorythms\MaxMin</Filter>
    </ClInclude>
    <ClInclude Include="Algorythm.hpp">
      <Filter>Algorythms</Filter>
    </ClInclude>
  </ItemGroup>
</Project>